// !$*UTF8*$!
{
	archiveVersion = 1;
	classes = {
	};
	objectVersion = 50;
	objects = {

/* Begin PBXBuildFile section */
		7A60D09B2470085000042256 /* Cubilose.framework in Frameworks */ = {isa = PBXBuildFile; fileRef = 7A60D0912470085000042256 /* Cubilose.framework */; };
		7A60D0A02470085000042256 /* CubiloseTests.swift in Sources */ = {isa = PBXBuildFile; fileRef = 7A60D09F2470085000042256 /* CubiloseTests.swift */; };
		7A60D0A22470085000042256 /* Cubilose.h in Headers */ = {isa = PBXBuildFile; fileRef = 7A60D0942470085000042256 /* Cubilose.h */; settings = {ATTRIBUTES = (Public, ); }; };
		7A60D0AC247008F300042256 /* Cubilose.swift in Sources */ = {isa = PBXBuildFile; fileRef = 7A60D0AB247008F300042256 /* Cubilose.swift */; };
		7A60D0AF24700BAB00042256 /* FuncTools.swift in Sources */ = {isa = PBXBuildFile; fileRef = 7A60D0AE24700BAB00042256 /* FuncTools.swift */; };
		7A60D0B324701A1B00042256 /* Sequence.swift in Sources */ = {isa = PBXBuildFile; fileRef = 7A60D0B224701A1B00042256 /* Sequence.swift */; };
		7A60D0B52470414300042256 /* Array.swift in Sources */ = {isa = PBXBuildFile; fileRef = 7A60D0B42470414300042256 /* Array.swift */; };
		7A60D0B92476CFFE00042256 /* EdgesTextField.swift in Sources */ = {isa = PBXBuildFile; fileRef = 7A60D0B82476CFFE00042256 /* EdgesTextField.swift */; };
		7A60D0BB2476D05000042256 /* EdgesLabel.swift in Sources */ = {isa = PBXBuildFile; fileRef = 7A60D0BA2476D05000042256 /* EdgesLabel.swift */; };
		7A60D0BD2476D20E00042256 /* Bool.swift in Sources */ = {isa = PBXBuildFile; fileRef = 7A60D0BC2476D20E00042256 /* Bool.swift */; };
		7A60D0BF2476D2BF00042256 /* CGPoint.swift in Sources */ = {isa = PBXBuildFile; fileRef = 7A60D0BE2476D2BF00042256 /* CGPoint.swift */; };
		7A60D0C22476DCEA00042256 /* CGSize.swift in Sources */ = {isa = PBXBuildFile; fileRef = 7A60D0C12476DCEA00042256 /* CGSize.swift */; };
/* End PBXBuildFile section */

/* Begin PBXContainerItemProxy section */
		7A60D09C2470085000042256 /* PBXContainerItemProxy */ = {
			isa = PBXContainerItemProxy;
			containerPortal = 7A60D0882470085000042256 /* Project object */;
			proxyType = 1;
			remoteGlobalIDString = 7A60D0902470085000042256;
			remoteInfo = Cubilose;
		};
/* End PBXContainerItemProxy section */

/* Begin PBXFileReference section */
		7A60D0912470085000042256 /* Cubilose.framework */ = {isa = PBXFileReference; explicitFileType = wrapper.framework; includeInIndex = 0; path = Cubilose.framework; sourceTree = BUILT_PRODUCTS_DIR; };
		7A60D0942470085000042256 /* Cubilose.h */ = {isa = PBXFileReference; lastKnownFileType = sourcecode.c.h; path = Cubilose.h; sourceTree = "<group>"; };
		7A60D0952470085000042256 /* Info.plist */ = {isa = PBXFileReference; lastKnownFileType = text.plist.xml; path = Info.plist; sourceTree = "<group>"; };
		7A60D09A2470085000042256 /* CubiloseTests.xctest */ = {isa = PBXFileReference; explicitFileType = wrapper.cfbundle; includeInIndex = 0; path = CubiloseTests.xctest; sourceTree = BUILT_PRODUCTS_DIR; };
		7A60D09F2470085000042256 /* CubiloseTests.swift */ = {isa = PBXFileReference; lastKnownFileType = sourcecode.swift; path = CubiloseTests.swift; sourceTree = "<group>"; };
		7A60D0A12470085000042256 /* Info.plist */ = {isa = PBXFileReference; lastKnownFileType = text.plist.xml; path = Info.plist; sourceTree = "<group>"; };
		7A60D0AB247008F300042256 /* Cubilose.swift */ = {isa = PBXFileReference; lastKnownFileType = sourcecode.swift; path = Cubilose.swift; sourceTree = "<group>"; };
		7A60D0AE24700BAB00042256 /* FuncTools.swift */ = {isa = PBXFileReference; lastKnownFileType = sourcecode.swift; path = FuncTools.swift; sourceTree = "<group>"; };
		7A60D0B224701A1B00042256 /* Sequence.swift */ = {isa = PBXFileReference; lastKnownFileType = sourcecode.swift; path = Sequence.swift; sourceTree = "<group>"; };
		7A60D0B42470414300042256 /* Array.swift */ = {isa = PBXFileReference; lastKnownFileType = sourcecode.swift; path = Array.swift; sourceTree = "<group>"; };
		7A60D0B82476CFFE00042256 /* EdgesTextField.swift */ = {isa = PBXFileReference; lastKnownFileType = sourcecode.swift; path = EdgesTextField.swift; sourceTree = "<group>"; };
		7A60D0BA2476D05000042256 /* EdgesLabel.swift */ = {isa = PBXFileReference; lastKnownFileType = sourcecode.swift; path = EdgesLabel.swift; sourceTree = "<group>"; };
		7A60D0BC2476D20E00042256 /* Bool.swift */ = {isa = PBXFileReference; lastKnownFileType = sourcecode.swift; path = Bool.swift; sourceTree = "<group>"; };
		7A60D0BE2476D2BF00042256 /* CGPoint.swift */ = {isa = PBXFileReference; lastKnownFileType = sourcecode.swift; path = CGPoint.swift; sourceTree = "<group>"; };
		7A60D0C12476DCEA00042256 /* CGSize.swift */ = {isa = PBXFileReference; lastKnownFileType = sourcecode.swift; path = CGSize.swift; sourceTree = "<group>"; };
/* End PBXFileReference section */

/* Begin PBXFrameworksBuildPhase section */
		7A60D08E2470085000042256 /* Frameworks */ = {
			isa = PBXFrameworksBuildPhase;
			buildActionMask = 2147483647;
			files = (
			);
			runOnlyForDeploymentPostprocessing = 0;
		};
		7A60D0972470085000042256 /* Frameworks */ = {
			isa = PBXFrameworksBuildPhase;
			buildActionMask = 2147483647;
			files = (
				7A60D09B2470085000042256 /* Cubilose.framework in Frameworks */,
			);
			runOnlyForDeploymentPostprocessing = 0;
		};
/* End PBXFrameworksBuildPhase section */

/* Begin PBXGroup section */
		7A60D0872470085000042256 = {
			isa = PBXGroup;
			children = (
				7A60D0932470085000042256 /* Cubilose */,
				7A60D09E2470085000042256 /* CubiloseTests */,
				7A60D0922470085000042256 /* Products */,
			);
			sourceTree = "<group>";
		};
		7A60D0922470085000042256 /* Products */ = {
			isa = PBXGroup;
			children = (
				7A60D0912470085000042256 /* Cubilose.framework */,
				7A60D09A2470085000042256 /* CubiloseTests.xctest */,
			);
			name = Products;
			sourceTree = "<group>";
		};
		7A60D0932470085000042256 /* Cubilose */ = {
			isa = PBXGroup;
			children = (
				7A60D0B62476CF7000042256 /* iOS */,
				7A60D0B024700BAF00042256 /* General */,
				7A60D0942470085000042256 /* Cubilose.h */,
				7A60D0AB247008F300042256 /* Cubilose.swift */,
				7A60D0952470085000042256 /* Info.plist */,
			);
			path = Cubilose;
			sourceTree = "<group>";
		};
		7A60D09E2470085000042256 /* CubiloseTests */ = {
			isa = PBXGroup;
			children = (
				7A60D09F2470085000042256 /* CubiloseTests.swift */,
				7A60D0A12470085000042256 /* Info.plist */,
			);
			path = CubiloseTests;
			sourceTree = "<group>";
		};
		7A60D0B024700BAF00042256 /* General */ = {
			isa = PBXGroup;
			children = (
				7A60D0B124701A0F00042256 /* Extensions */,
				7A60D0AE24700BAB00042256 /* FuncTools.swift */,
			);
			path = General;
			sourceTree = "<group>";
		};
		7A60D0B124701A0F00042256 /* Extensions */ = {
			isa = PBXGroup;
			children = (
				7A60D0B224701A1B00042256 /* Sequence.swift */,
				7A60D0B42470414300042256 /* Array.swift */,
				7A60D0BC2476D20E00042256 /* Bool.swift */,
			);
			path = Extensions;
			sourceTree = "<group>";
		};
		7A60D0B62476CF7000042256 /* iOS */ = {
			isa = PBXGroup;
			children = (
				7A60D0C02476D2DB00042256 /* Extensions */,
				7A60D0B72476CF8F00042256 /* Views */,
			);
			path = iOS;
			sourceTree = "<group>";
		};
		7A60D0B72476CF8F00042256 /* Views */ = {
			isa = PBXGroup;
			children = (
				7A60D0B82476CFFE00042256 /* EdgesTextField.swift */,
				7A60D0BA2476D05000042256 /* EdgesLabel.swift */,
			);
			path = Views;
			sourceTree = "<group>";
		};
		7A60D0C02476D2DB00042256 /* Extensions */ = {
			isa = PBXGroup;
			children = (
				7A60D0BE2476D2BF00042256 /* CGPoint.swift */,
				7A60D0C12476DCEA00042256 /* CGSize.swift */,
			);
			path = Extensions;
			sourceTree = "<group>";
		};
/* End PBXGroup section */

/* Begin PBXHeadersBuildPhase section */
		7A60D08C2470085000042256 /* Headers */ = {
			isa = PBXHeadersBuildPhase;
			buildActionMask = 2147483647;
			files = (
				7A60D0A22470085000042256 /* Cubilose.h in Headers */,
			);
			runOnlyForDeploymentPostprocessing = 0;
		};
/* End PBXHeadersBuildPhase section */

/* Begin PBXNativeTarget section */
		7A60D0902470085000042256 /* Cubilose */ = {
			isa = PBXNativeTarget;
			buildConfigurationList = 7A60D0A52470085000042256 /* Build configuration list for PBXNativeTarget "Cubilose" */;
			buildPhases = (
				7A60D08C2470085000042256 /* Headers */,
				7A60D08D2470085000042256 /* Sources */,
				7A60D08E2470085000042256 /* Frameworks */,
				7A60D08F2470085000042256 /* Resources */,
			);
			buildRules = (
			);
			dependencies = (
			);
			name = Cubilose;
			productName = Cubilose;
			productReference = 7A60D0912470085000042256 /* Cubilose.framework */;
			productType = "com.apple.product-type.framework";
		};
		7A60D0992470085000042256 /* CubiloseTests */ = {
			isa = PBXNativeTarget;
			buildConfigurationList = 7A60D0A82470085000042256 /* Build configuration list for PBXNativeTarget "CubiloseTests" */;
			buildPhases = (
				7A60D0962470085000042256 /* Sources */,
				7A60D0972470085000042256 /* Frameworks */,
				7A60D0982470085000042256 /* Resources */,
			);
			buildRules = (
			);
			dependencies = (
				7A60D09D2470085000042256 /* PBXTargetDependency */,
			);
			name = CubiloseTests;
			productName = CubiloseTests;
			productReference = 7A60D09A2470085000042256 /* CubiloseTests.xctest */;
			productType = "com.apple.product-type.bundle.unit-test";
		};
/* End PBXNativeTarget section */

/* Begin PBXProject section */
		7A60D0882470085000042256 /* Project object */ = {
			isa = PBXProject;
			attributes = {
				LastSwiftUpdateCheck = 1140;
				LastUpgradeCheck = 1140;
				ORGANIZATIONNAME = HonQi;
				TargetAttributes = {
					7A60D0902470085000042256 = {
						CreatedOnToolsVersion = 11.4.1;
						LastSwiftMigration = 1140;
					};
					7A60D0992470085000042256 = {
						CreatedOnToolsVersion = 11.4.1;
					};
				};
			};
			buildConfigurationList = 7A60D08B2470085000042256 /* Build configuration list for PBXProject "Cubilose" */;
			compatibilityVersion = "Xcode 9.3";
			developmentRegion = en;
			hasScannedForEncodings = 0;
			knownRegions = (
				en,
				Base,
			);
			mainGroup = 7A60D0872470085000042256;
			productRefGroup = 7A60D0922470085000042256 /* Products */;
			projectDirPath = "";
			projectRoot = "";
			targets = (
				7A60D0902470085000042256 /* Cubilose */,
				7A60D0992470085000042256 /* CubiloseTests */,
			);
		};
/* End PBXProject section */

/* Begin PBXResourcesBuildPhase section */
		7A60D08F2470085000042256 /* Resources */ = {
			isa = PBXResourcesBuildPhase;
			buildActionMask = 2147483647;
			files = (
			);
			runOnlyForDeploymentPostprocessing = 0;
		};
		7A60D0982470085000042256 /* Resources */ = {
			isa = PBXResourcesBuildPhase;
			buildActionMask = 2147483647;
			files = (
			);
			runOnlyForDeploymentPostprocessing = 0;
		};
/* End PBXResourcesBuildPhase section */

/* Begin PBXSourcesBuildPhase section */
		7A60D08D2470085000042256 /* Sources */ = {
			isa = PBXSourcesBuildPhase;
			buildActionMask = 2147483647;
			files = (
				7A60D0AC247008F300042256 /* Cubilose.swift in Sources */,
				7A60D0B52470414300042256 /* Array.swift in Sources */,
				7A60D0B92476CFFE00042256 /* EdgesTextField.swift in Sources */,
				7A60D0BB2476D05000042256 /* EdgesLabel.swift in Sources */,
				7A60D0BF2476D2BF00042256 /* CGPoint.swift in Sources */,
				7A60D0AF24700BAB00042256 /* FuncTools.swift in Sources */,
				7A60D0B324701A1B00042256 /* Sequence.swift in Sources */,
				7A60D0C22476DCEA00042256 /* CGSize.swift in Sources */,
				7A60D0BD2476D20E00042256 /* Bool.swift in Sources */,
			);
			runOnlyForDeploymentPostprocessing = 0;
		};
		7A60D0962470085000042256 /* Sources */ = {
			isa = PBXSourcesBuildPhase;
			buildActionMask = 2147483647;
			files = (
				7A60D0A02470085000042256 /* CubiloseTests.swift in Sources */,
			);
			runOnlyForDeploymentPostprocessing = 0;
		};
/* End PBXSourcesBuildPhase section */

/* Begin PBXTargetDependency section */
		7A60D09D2470085000042256 /* PBXTargetDependency */ = {
			isa = PBXTargetDependency;
			target = 7A60D0902470085000042256 /* Cubilose */;
			targetProxy = 7A60D09C2470085000042256 /* PBXContainerItemProxy */;
		};
/* End PBXTargetDependency section */

/* Begin XCBuildConfiguration section */
		7A60D0A32470085000042256 /* Debug */ = {
			isa = XCBuildConfiguration;
			buildSettings = {
				ALWAYS_SEARCH_USER_PATHS = NO;
				CLANG_ANALYZER_NONNULL = YES;
				CLANG_ANALYZER_NUMBER_OBJECT_CONVERSION = YES_AGGRESSIVE;
				CLANG_CXX_LANGUAGE_STANDARD = "gnu++14";
				CLANG_CXX_LIBRARY = "libc++";
				CLANG_ENABLE_MODULES = YES;
				CLANG_ENABLE_OBJC_ARC = YES;
				CLANG_ENABLE_OBJC_WEAK = YES;
				CLANG_WARN_BLOCK_CAPTURE_AUTORELEASING = YES;
				CLANG_WARN_BOOL_CONVERSION = YES;
				CLANG_WARN_COMMA = YES;
				CLANG_WARN_CONSTANT_CONVERSION = YES;
				CLANG_WARN_DEPRECATED_OBJC_IMPLEMENTATIONS = YES;
				CLANG_WARN_DIRECT_OBJC_ISA_USAGE = YES_ERROR;
				CLANG_WARN_DOCUMENTATION_COMMENTS = YES;
				CLANG_WARN_EMPTY_BODY = YES;
				CLANG_WARN_ENUM_CONVERSION = YES;
				CLANG_WARN_INFINITE_RECURSION = YES;
				CLANG_WARN_INT_CONVERSION = YES;
				CLANG_WARN_NON_LITERAL_NULL_CONVERSION = YES;
				CLANG_WARN_OBJC_IMPLICIT_RETAIN_SELF = YES;
				CLANG_WARN_OBJC_LITERAL_CONVERSION = YES;
				CLANG_WARN_OBJC_ROOT_CLASS = YES_ERROR;
				CLANG_WARN_RANGE_LOOP_ANALYSIS = YES;
				CLANG_WARN_STRICT_PROTOTYPES = YES;
				CLANG_WARN_SUSPICIOUS_MOVE = YES;
				CLANG_WARN_UNGUARDED_AVAILABILITY = YES_AGGRESSIVE;
				CLANG_WARN_UNREACHABLE_CODE = YES;
				CLANG_WARN__DUPLICATE_METHOD_MATCH = YES;
				COPY_PHASE_STRIP = NO;
				CURRENT_PROJECT_VERSION = 1;
				DEBUG_INFORMATION_FORMAT = dwarf;
				ENABLE_STRICT_OBJC_MSGSEND = YES;
				ENABLE_TESTABILITY = YES;
				GCC_C_LANGUAGE_STANDARD = gnu11;
				GCC_DYNAMIC_NO_PIC = NO;
				GCC_NO_COMMON_BLOCKS = YES;
				GCC_OPTIMIZATION_LEVEL = 0;
				GCC_PREPROCESSOR_DEFINITIONS = (
					"DEBUG=1",
					"$(inherited)",
				);
				GCC_WARN_64_TO_32_BIT_CONVERSION = YES;
				GCC_WARN_ABOUT_RETURN_TYPE = YES_ERROR;
				GCC_WARN_UNDECLARED_SELECTOR = YES;
				GCC_WARN_UNINITIALIZED_AUTOS = YES_AGGRESSIVE;
				GCC_WARN_UNUSED_FUNCTION = YES;
				GCC_WARN_UNUSED_VARIABLE = YES;
				IPHONEOS_DEPLOYMENT_TARGET = 11.0;
				MTL_ENABLE_DEBUG_INFO = INCLUDE_SOURCE;
				MTL_FAST_MATH = YES;
				ONLY_ACTIVE_ARCH = YES;
				SDKROOT = iphoneos;
				SWIFT_ACTIVE_COMPILATION_CONDITIONS = DEBUG;
				SWIFT_OPTIMIZATION_LEVEL = "-Onone";
				VERSIONING_SYSTEM = "apple-generic";
				VERSION_INFO_PREFIX = "";
			};
			name = Debug;
		};
		7A60D0A42470085000042256 /* Release */ = {
			isa = XCBuildConfiguration;
			buildSettings = {
				ALWAYS_SEARCH_USER_PATHS = NO;
				CLANG_ANALYZER_NONNULL = YES;
				CLANG_ANALYZER_NUMBER_OBJECT_CONVERSION = YES_AGGRESSIVE;
				CLANG_CXX_LANGUAGE_STANDARD = "gnu++14";
				CLANG_CXX_LIBRARY = "libc++";
				CLANG_ENABLE_MODULES = YES;
				CLANG_ENABLE_OBJC_ARC = YES;
				CLANG_ENABLE_OBJC_WEAK = YES;
				CLANG_WARN_BLOCK_CAPTURE_AUTORELEASING = YES;
				CLANG_WARN_BOOL_CONVERSION = YES;
				CLANG_WARN_COMMA = YES;
				CLANG_WARN_CONSTANT_CONVERSION = YES;
				CLANG_WARN_DEPRECATED_OBJC_IMPLEMENTATIONS = YES;
				CLANG_WARN_DIRECT_OBJC_ISA_USAGE = YES_ERROR;
				CLANG_WARN_DOCUMENTATION_COMMENTS = YES;
				CLANG_WARN_EMPTY_BODY = YES;
				CLANG_WARN_ENUM_CONVERSION = YES;
				CLANG_WARN_INFINITE_RECURSION = YES;
				CLANG_WARN_INT_CONVERSION = YES;
				CLANG_WARN_NON_LITERAL_NULL_CONVERSION = YES;
				CLANG_WARN_OBJC_IMPLICIT_RETAIN_SELF = YES;
				CLANG_WARN_OBJC_LITERAL_CONVERSION = YES;
				CLANG_WARN_OBJC_ROOT_CLASS = YES_ERROR;
				CLANG_WARN_RANGE_LOOP_ANALYSIS = YES;
				CLANG_WARN_STRICT_PROTOTYPES = YES;
				CLANG_WARN_SUSPICIOUS_MOVE = YES;
				CLANG_WARN_UNGUARDED_AVAILABILITY = YES_AGGRESSIVE;
				CLANG_WARN_UNREACHABLE_CODE = YES;
				CLANG_WARN__DUPLICATE_METHOD_MATCH = YES;
				COPY_PHASE_STRIP = NO;
				CURRENT_PROJECT_VERSION = 1;
				DEBUG_INFORMATION_FORMAT = "dwarf-with-dsym";
				ENABLE_NS_ASSERTIONS = NO;
				ENABLE_STRICT_OBJC_MSGSEND = YES;
				GCC_C_LANGUAGE_STANDARD = gnu11;
				GCC_NO_COMMON_BLOCKS = YES;
				GCC_WARN_64_TO_32_BIT_CONVERSION = YES;
				GCC_WARN_ABOUT_RETURN_TYPE = YES_ERROR;
				GCC_WARN_UNDECLARED_SELECTOR = YES;
				GCC_WARN_UNINITIALIZED_AUTOS = YES_AGGRESSIVE;
				GCC_WARN_UNUSED_FUNCTION = YES;
				GCC_WARN_UNUSED_VARIABLE = YES;
				IPHONEOS_DEPLOYMENT_TARGET = 11.0;
				MTL_ENABLE_DEBUG_INFO = NO;
				MTL_FAST_MATH = YES;
				SDKROOT = iphoneos;
				SWIFT_COMPILATION_MODE = wholemodule;
				SWIFT_OPTIMIZATION_LEVEL = "-O";
				VALIDATE_PRODUCT = YES;
				VERSIONING_SYSTEM = "apple-generic";
				VERSION_INFO_PREFIX = "";
			};
			name = Release;
		};
		7A60D0A62470085000042256 /* Debug */ = {
			isa = XCBuildConfiguration;
			buildSettings = {
				CLANG_ENABLE_MODULES = YES;
				CODE_SIGN_STYLE = Automatic;
				DEFINES_MODULE = YES;
				DYLIB_COMPATIBILITY_VERSION = 1;
				DYLIB_CURRENT_VERSION = 1;
				DYLIB_INSTALL_NAME_BASE = "@rpath";
				INFOPLIST_FILE = Cubilose/Info.plist;
				INSTALL_PATH = "$(LOCAL_LIBRARY_DIR)/Frameworks";
				IPHONEOS_DEPLOYMENT_TARGET = 11.0;
				LD_RUNPATH_SEARCH_PATHS = (
					"$(inherited)",
					"@executable_path/Frameworks",
					"@loader_path/Frameworks",
				);
				PRODUCT_BUNDLE_IDENTIFIER = Indie.Cubilose;
				PRODUCT_NAME = "$(TARGET_NAME:c99extidentifier)";
				SKIP_INSTALL = YES;
				SWIFT_OPTIMIZATION_LEVEL = "-Onone";
				SWIFT_VERSION = 5.0;
				TARGETED_DEVICE_FAMILY = "1,2";
			};
			name = Debug;
		};
		7A60D0A72470085000042256 /* Release */ = {
			isa = XCBuildConfiguration;
			buildSettings = {
				CLANG_ENABLE_MODULES = YES;
				CODE_SIGN_STYLE = Automatic;
				DEFINES_MODULE = YES;
				DYLIB_COMPATIBILITY_VERSION = 1;
				DYLIB_CURRENT_VERSION = 1;
				DYLIB_INSTALL_NAME_BASE = "@rpath";
				INFOPLIST_FILE = Cubilose/Info.plist;
				INSTALL_PATH = "$(LOCAL_LIBRARY_DIR)/Frameworks";
				IPHONEOS_DEPLOYMENT_TARGET = 11.0;
				LD_RUNPATH_SEARCH_PATHS = (
					"$(inherited)",
					"@executable_path/Frameworks",
					"@loader_path/Frameworks",
				);
				PRODUCT_BUNDLE_IDENTIFIER = Indie.Cubilose;
				PRODUCT_NAME = "$(TARGET_NAME:c99extidentifier)";
				SKIP_INSTALL = YES;
				SWIFT_VERSION = 5.0;
				TARGETED_DEVICE_FAMILY = "1,2";
			};
			name = Release;
		};
		7A60D0A92470085000042256 /* Debug */ = {
			isa = XCBuildConfiguration;
			buildSettings = {
				ALWAYS_EMBED_SWIFT_STANDARD_LIBRARIES = YES;
				CODE_SIGN_STYLE = Automatic;
				INFOPLIST_FILE = CubiloseTests/Info.plist;
				LD_RUNPATH_SEARCH_PATHS = (
					"$(inherited)",
					"@executable_path/Frameworks",
					"@loader_path/Frameworks",
				);
				PRODUCT_BUNDLE_IDENTIFIER = Indie.CubiloseTests;
				PRODUCT_NAME = "$(TARGET_NAME)";
				SWIFT_VERSION = 5.0;
				TARGETED_DEVICE_FAMILY = "1,2";
			};
			name = Debug;
		};
		7A60D0AA2470085000042256 /* Release */ = {
			isa = XCBuildConfiguration;
			buildSettings = {
				ALWAYS_EMBED_SWIFT_STANDARD_LIBRARIES = YES;
				CODE_SIGN_STYLE = Automatic;
				INFOPLIST_FILE = CubiloseTests/Info.plist;
				LD_RUNPATH_SEARCH_PATHS = (
					"$(inherited)",
					"@executable_path/Frameworks",
					"@loader_path/Frameworks",
				);
				PRODUCT_BUNDLE_IDENTIFIER = Indie.CubiloseTests;
				PRODUCT_NAME = "$(TARGET_NAME)";
				SWIFT_VERSION = 5.0;
				TARGETED_DEVICE_FAMILY = "1,2";
			};
			name = Release;
		};
/* End XCBuildConfiguration section */

/* Begin XCConfigurationList section */
		7A60D08B2470085000042256 /* Build configuration list for PBXProject "Cubilose" */ = {
			isa = XCConfigurationList;
			buildConfigurations = (
				7A60D0A32470085000042256 /* Debug */,
				7A60D0A42470085000042256 /* Release */,
			);
			defaultConfigurationIsVisible = 0;
			defaultConfigurationName = Release;
		};
		7A60D0A52470085000042256 /* Build configuration list for PBXNativeTarget "Cubilose" */ = {
			isa = XCConfigurationList;
			buildConfigurations = (
				7A60D0A62470085000042256 /* Debug */,
				7A60D0A72470085000042256 /* Release */,
			);
			defaultConfigurationIsVisible = 0;
			defaultConfigurationName = Release;
		};
		7A60D0A82470085000042256 /* Build configuration list for PBXNativeTarget "CubiloseTests" */ = {
			isa = XCConfigurationList;
			buildConfigurations = (
				7A60D0A92470085000042256 /* Debug */,
				7A60D0AA2470085000042256 /* Release */,
			);
			defaultConfigurationIsVisible = 0;
			defaultConfigurationName = Release;
		};
/* End XCConfigurationList section */
	};
	rootObject = 7A60D0882470085000042256 /* Project object */;
}
